
Microsoft Visual Studio Solution File, Format Version 12.00
# Visual Studio Version 17
VisualStudioVersion = 17.13.35931.197 d17.13
MinimumVisualStudioVersion = 10.0.40219.1
Project("{FAE04EC0-301F-11D3-BF4B-00C04F79EFBC}") = "DeliveryApp", "DeliveryApp.csproj", "{8C7A1714-B92C-480A-86C3-3EF52AE156AA}"
EndProject
Project("{2150E333-8FDC-42A3-9474-1A3956D46DE8}") = "Solution Items", "Solution Items", "{8EC462FD-D22E-90A8-E5CE-7E832BA40C5D}"
EndProject
Global
	GlobalSection(SolutionConfigurationPlatforms) = preSolution
		Debug|Any CPU = Debug|Any CPU
		Release|Any CPU = Release|Any CPU
	EndGlobalSection
	GlobalSection(ProjectConfigurationPlatforms) = postSolution
		{8C7A1714-B92C-480A-86C3-3EF52AE156AA}.Debug|Any CPU.ActiveCfg = Debug|Any CPU
		{8C7A1714-B92C-480A-86C3-3EF52AE156AA}.Debug|Any CPU.Build.0 = Debug|Any CPU
		{8C7A1714-B92C-480A-86C3-3EF52AE156AA}.Release|Any CPU.ActiveCfg = Release|Any CPU
		{8C7A1714-B92C-480A-86C3-3EF52AE156AA}.Release|Any CPU.Build.0 = Release|Any CPU
	EndGlobalSection
	GlobalSection(SolutionProperties) = preSolution
		HideSolutionNode = FALSE
	EndGlobalSection
	GlobalSection(ExtensibilityGlobals) = postSolution
		SolutionGuid = {3260B276-9342-44F4-9220-2A4E77334597}
	EndGlobalSection
EndGlobal
